
Microsoft Visual Studio Solution File, Format Version 12.00
# Visual Studio Version 16
VisualStudioVersion = 16.0.31229.75
MinimumVisualStudioVersion = 10.0.40219.1
Project("{FAE04EC0-301F-11D3-BF4B-00C04F79EFBC}") = "Edemir_Ferreira_Jr-TP2-Julio_Cesar", "Edemir_Ferreira_Jr-TP2-Julio_Cesar\Edemir_Ferreira_Jr-TP2-Julio_Cesar.csproj", "{8229F555-2B08-4D82-9E2D-1B95C837500D}"
EndProject
Global
	GlobalSection(SolutionConfigurationPlatforms) = preSolution
		Debug|Any CPU = Debug|Any CPU
		Release|Any CPU = Release|Any CPU
	EndGlobalSection
	GlobalSection(ProjectConfigurationPlatforms) = postSolution
		{8229F555-2B08-4D82-9E2D-1B95C837500D}.Debug|Any CPU.ActiveCfg = Debug|Any CPU
		{8229F555-2B08-4D82-9E2D-1B95C837500D}.Debug|Any CPU.Build.0 = Debug|Any CPU
		{8229F555-2B08-4D82-9E2D-1B95C837500D}.Release|Any CPU.ActiveCfg = Release|Any CPU
		{8229F555-2B08-4D82-9E2D-1B95C837500D}.Release|Any CPU.Build.0 = Release|Any CPU
	EndGlobalSection
	GlobalSection(SolutionProperties) = preSolution
		HideSolutionNode = FALSE
	EndGlobalSection
	GlobalSection(ExtensibilityGlobals) = postSolution
		SolutionGuid = {A98F9682-D46B-4286-9AEC-59F92B5AFE2A}
	EndGlobalSection
EndGlobal
